
Microsoft Visual Studio Solution File, Format Version 12.00
# Visual Studio 2013
VisualStudioVersion = 12.0.21005.1
MinimumVisualStudioVersion = 10.0.40219.1
Project("{FAE04EC0-301F-11D3-BF4B-00C04F79EFBC}") = "Receiver", "Receiver\Receiver.csproj", "{75D767BA-04FD-42EB-91FB-2FAB4BEF10E0}"
EndProject
Project("{FAE04EC0-301F-11D3-BF4B-00C04F79EFBC}") = "Sender", "Sender\Sender.csproj", "{BBD3D074-D0DC-42B6-90EE-BE2462D99119}"
EndProject
Project("{FAE04EC0-301F-11D3-BF4B-00C04F79EFBC}") = "Common", "Common\Common.csproj", "{2E1A3770-23C5-444C-9850-B6B083B9C7B2}"
EndProject
Project("{2150E333-8FDC-42A3-9474-1A3956D46DE8}") = "QueueDemo", "QueueDemo", "{0753ADC7-305B-48CD-8D27-CB7560527E5B}"
EndProject
Project("{2150E333-8FDC-42A3-9474-1A3956D46DE8}") = "TopicsDemo", "TopicsDemo", "{C5B48BB6-F61A-4F2A-9E97-B107E1064E0C}"
EndProject
Project("{FAE04EC0-301F-11D3-BF4B-00C04F79EFBC}") = "TopicSender", "TopicSender\TopicSender.csproj", "{EA78CB95-55F9-4BD6-A4C3-0E73663F58D4}"
EndProject
Project("{FAE04EC0-301F-11D3-BF4B-00C04F79EFBC}") = "TopicSubscriber", "TopicSubscriber\TopicSubscriber.csproj", "{9FE03438-6185-45D5-8992-D22459F77DBA}"
EndProject
Global
	GlobalSection(SolutionConfigurationPlatforms) = preSolution
		Debug|Any CPU = Debug|Any CPU
		Release|Any CPU = Release|Any CPU
	EndGlobalSection
	GlobalSection(ProjectConfigurationPlatforms) = postSolution
		{75D767BA-04FD-42EB-91FB-2FAB4BEF10E0}.Debug|Any CPU.ActiveCfg = Debug|Any CPU
		{75D767BA-04FD-42EB-91FB-2FAB4BEF10E0}.Debug|Any CPU.Build.0 = Debug|Any CPU
		{75D767BA-04FD-42EB-91FB-2FAB4BEF10E0}.Release|Any CPU.ActiveCfg = Release|Any CPU
		{75D767BA-04FD-42EB-91FB-2FAB4BEF10E0}.Release|Any CPU.Build.0 = Release|Any CPU
		{BBD3D074-D0DC-42B6-90EE-BE2462D99119}.Debug|Any CPU.ActiveCfg = Debug|Any CPU
		{BBD3D074-D0DC-42B6-90EE-BE2462D99119}.Debug|Any CPU.Build.0 = Debug|Any CPU
		{BBD3D074-D0DC-42B6-90EE-BE2462D99119}.Release|Any CPU.ActiveCfg = Release|Any CPU
		{BBD3D074-D0DC-42B6-90EE-BE2462D99119}.Release|Any CPU.Build.0 = Release|Any CPU
		{2E1A3770-23C5-444C-9850-B6B083B9C7B2}.Debug|Any CPU.ActiveCfg = Debug|Any CPU
		{2E1A3770-23C5-444C-9850-B6B083B9C7B2}.Debug|Any CPU.Build.0 = Debug|Any CPU
		{2E1A3770-23C5-444C-9850-B6B083B9C7B2}.Release|Any CPU.ActiveCfg = Release|Any CPU
		{2E1A3770-23C5-444C-9850-B6B083B9C7B2}.Release|Any CPU.Build.0 = Release|Any CPU
		{EA78CB95-55F9-4BD6-A4C3-0E73663F58D4}.Debug|Any CPU.ActiveCfg = Debug|Any CPU
		{EA78CB95-55F9-4BD6-A4C3-0E73663F58D4}.Debug|Any CPU.Build.0 = Debug|Any CPU
		{EA78CB95-55F9-4BD6-A4C3-0E73663F58D4}.Release|Any CPU.ActiveCfg = Release|Any CPU
		{EA78CB95-55F9-4BD6-A4C3-0E73663F58D4}.Release|Any CPU.Build.0 = Release|Any CPU
		{9FE03438-6185-45D5-8992-D22459F77DBA}.Debug|Any CPU.ActiveCfg = Debug|Any CPU
		{9FE03438-6185-45D5-8992-D22459F77DBA}.Debug|Any CPU.Build.0 = Debug|Any CPU
		{9FE03438-6185-45D5-8992-D22459F77DBA}.Release|Any CPU.ActiveCfg = Release|Any CPU
		{9FE03438-6185-45D5-8992-D22459F77DBA}.Release|Any CPU.Build.0 = Release|Any CPU
	EndGlobalSection
	GlobalSection(SolutionProperties) = preSolution
		HideSolutionNode = FALSE
	EndGlobalSection
	GlobalSection(NestedProjects) = preSolution
		{75D767BA-04FD-42EB-91FB-2FAB4BEF10E0} = {0753ADC7-305B-48CD-8D27-CB7560527E5B}
		{BBD3D074-D0DC-42B6-90EE-BE2462D99119} = {0753ADC7-305B-48CD-8D27-CB7560527E5B}
		{EA78CB95-55F9-4BD6-A4C3-0E73663F58D4} = {C5B48BB6-F61A-4F2A-9E97-B107E1064E0C}
		{9FE03438-6185-45D5-8992-D22459F77DBA} = {C5B48BB6-F61A-4F2A-9E97-B107E1064E0C}
	EndGlobalSection
EndGlobal
